schema: '2.0'
stages:
  load_data:
    cmd: python src/stage01_load_save.py --config=config/config.yaml
    deps:
    - path: config/config.yaml
      md5: 95c504886beb5a2a726c30d576cd59f5
      size: 343
    - path: src/stage01_load_save.py
      md5: 0805aaca79dc136c15cfcfd805d1024c
      size: 1297
    - path: src/utils/all_utils.py
      md5: a62569103c6213158b7bd6fabbe483c3
      size: 783
    outs:
    - path: artifacts/raw_local_dir/data.csv
      md5: 0b16dfa2318bc9ac40a9a7548c6b6e34
      size: 174142
  split_data:
    cmd: python src/stage02_split_data.py --config=config/config.yaml --params=params.yaml
    deps:
    - path: artifacts/raw_local_dir/data.csv
      md5: 0b16dfa2318bc9ac40a9a7548c6b6e34
      size: 174142
    - path: config/config.yaml
      md5: 95c504886beb5a2a726c30d576cd59f5
      size: 343
    - path: src/stage02_split_data.py
      md5: 3cd8c3603720e0f248fef645c5574021
      size: 1973
    - path: src/utils/all_utils.py
      md5: a62569103c6213158b7bd6fabbe483c3
      size: 783
    params:
      params.yaml:
        base.random_state: 45
        base.test_size: 0.3
    outs:
    - path: artifacts/split_data_dir/test.csv
      md5: 08f4e6c4d558b3ed5b5dd846fc0d8f09
      size: 52311
    - path: artifacts/split_data_dir/train.csv
      md5: 2e78234f9a89b0809b9eb0bc62fda11d
      size: 121920
  class_balanced_data:
    cmd: python src/stage03_class_balanced_data.py --config=config/config.yaml
    deps:
    - path: artifacts/split_data_dir/train.csv
      md5: 2e78234f9a89b0809b9eb0bc62fda11d
      size: 121920
    - path: config/config.yaml
      md5: 95c504886beb5a2a726c30d576cd59f5
      size: 343
    - path: src/stage03_class_balanced_data.py
      md5: 7c68fcce276432d8ceae28ce852ab15d
      size: 2073
    - path: src/utils/all_utils.py
      md5: a62569103c6213158b7bd6fabbe483c3
      size: 783
    outs:
    - path: artifacts/clean_data_dir/clean_data.csv
      md5: a94ef21718728cf4e0b42c904f17e296
      size: 166266
