schema: '2.0'
stages:
  load_data:
    cmd: python src/stage01_load_save.py --config=config/config.yaml
    deps:
    - path: config/config.yaml
      md5: e3d74fde97643e1d423200a867024455
      size: 466
    - path: src/stage01_load_save.py
      md5: 0805aaca79dc136c15cfcfd805d1024c
      size: 1297
    - path: src/utils/all_utils.py
      md5: 2fc071a445098016254e5d1c0dd845c3
      size: 946
    outs:
    - path: artifacts/raw_local_dir/data.csv
      md5: 0b16dfa2318bc9ac40a9a7548c6b6e34
      size: 174142
  split_data:
    cmd: python src/stage02_split_data.py --config=config/config.yaml --params=params.yaml
    deps:
    - path: artifacts/raw_local_dir/data.csv
      md5: 0b16dfa2318bc9ac40a9a7548c6b6e34
      size: 174142
    - path: config/config.yaml
      md5: e3d74fde97643e1d423200a867024455
      size: 466
    - path: src/stage02_split_data.py
      md5: 3cd8c3603720e0f248fef645c5574021
      size: 1973
    - path: src/utils/all_utils.py
      md5: 2fc071a445098016254e5d1c0dd845c3
      size: 946
    params:
      params.yaml:
        base.random_state: 45
        base.test_size: 0.3
    outs:
    - path: artifacts/split_data_dir/test.csv
      md5: 08f4e6c4d558b3ed5b5dd846fc0d8f09
      size: 52311
    - path: artifacts/split_data_dir/train.csv
      md5: 2e78234f9a89b0809b9eb0bc62fda11d
      size: 121920
  class_balanced_data:
    cmd: python src/stage03_class_balanced_data.py --config=config/config.yaml
    deps:
    - path: artifacts/split_data_dir/train.csv
      md5: 2e78234f9a89b0809b9eb0bc62fda11d
      size: 121920
    - path: config/config.yaml
      md5: e3d74fde97643e1d423200a867024455
      size: 466
    - path: src/stage03_class_balanced_data.py
      md5: 7c68fcce276432d8ceae28ce852ab15d
      size: 2073
    - path: src/utils/all_utils.py
      md5: 2fc071a445098016254e5d1c0dd845c3
      size: 946
    outs:
    - path: artifacts/clean_data_dir/clean_data.csv
      md5: 72f320ec0ec321ba9cef1e66018acb9c
      size: 166230
  train:
    cmd: python src/stage04_model_building.py --config=config/config.yaml
    deps:
    - path: artifacts/clean_data_dir/clean_data.csv
      md5: 72f320ec0ec321ba9cef1e66018acb9c
      size: 166230
    - path: config/config.yaml
      md5: e3d74fde97643e1d423200a867024455
      size: 466
    - path: src/stage04_model_building.py
      md5: 87c2f1c7f0919c8c991a004ed88425e0
      size: 1647
    - path: src/utils/all_utils.py
      md5: 2fc071a445098016254e5d1c0dd845c3
      size: 946
    outs:
    - path: artifacts/model_dir/logistic_regression.model
      md5: 612b4757433c9d0124849a6b4c640125
      size: 1387
  evaluate:
    cmd: python src/stage05_model_evaluation.py --config=config/config.yaml
    deps:
    - path: artifacts/model_dir/logistic_regression.model
      md5: 612b4757433c9d0124849a6b4c640125
      size: 1387
    - path: artifacts/split_data_dir/test.csv
      md5: 08f4e6c4d558b3ed5b5dd846fc0d8f09
      size: 52311
    - path: config/config.yaml
      md5: e3d74fde97643e1d423200a867024455
      size: 466
    - path: src/stage05_model_evaluation.py
      md5: 081afdcce38cca88b6bbae431e1228fe
      size: 1861
    - path: src/utils/all_utils.py
      md5: 2fc071a445098016254e5d1c0dd845c3
      size: 946
    outs:
    - path: artifacts/reports_dir/scores.txt
      md5: 262cbf2e090915dc13d34fb42b7227cf
      size: 334
