schema: '2.0'
stages:
  load_data:
    cmd: python src/stage01_load_save.py --config=config/config.yaml
    deps:
    - path: config/config.yaml
      md5: 95c504886beb5a2a726c30d576cd59f5
      size: 343
    - path: src/stage01_load_save.py
      md5: 4772eb291e81d035c0065e515ca39d8c
      size: 1303
    - path: src/utils/all_utils.py
      md5: a62569103c6213158b7bd6fabbe483c3
      size: 783
    outs:
    - path: artifacts/raw_local_dir/data.csv
      md5: 0b16dfa2318bc9ac40a9a7548c6b6e34
      size: 174142
  split_data:
    cmd: python src/stage02_split_data.py --config=config/config.yaml --params=params.yaml
    deps:
    - path: artifacts/raw_local_dir/data.csv
      md5: 0b16dfa2318bc9ac40a9a7548c6b6e34
      size: 174142
    - path: config/config.yaml
      md5: 95c504886beb5a2a726c30d576cd59f5
      size: 343
    - path: src/stage02_split_data.py
      md5: 0c6937ee286b9e427ba6ff15e1c23061
      size: 1990
    - path: src/utils/all_utils.py
      md5: a62569103c6213158b7bd6fabbe483c3
      size: 783
    params:
      params.yaml:
        base.random_state: 45
        base.test_size: 0.3
    outs:
    - path: artifacts/split_data_dir/test.csv
      md5: 08f4e6c4d558b3ed5b5dd846fc0d8f09
      size: 52311
    - path: artifacts/split_data_dir/train.csv
      md5: 2e78234f9a89b0809b9eb0bc62fda11d
      size: 121920
